<?xml version="1.0"?>
<CONFIG>
  <ProjectOptions>
    <PathDelim Value="\"/>
    <Version Value="6"/>
    <General>
      <MainUnit Value="0"/>
      <IconPath Value="./"/>
      <TargetFileExt Value=".exe"/>
      <ActiveEditorIndexAtStart Value="1"/>
    </General>
    <i18n>
      <OutDir Value="po"/>
    </i18n>
    <PublishOptions>
      <Version Value="2"/>
      <IgnoreBinaries Value="False"/>
      <IncludeFileFilter Value="*.(pas|pp|inc|lfm|lpr|lrs|lpi|lpk|sh|xml)"/>
      <ExcludeFileFilter Value="*.(bak|ppu|ppw|o|so);*~;backup"/>
    </PublishOptions>
    <RunParams>
      <local>
        <FormatVersion Value="1"/>
        <LaunchingApplication PathPlusParams="/usr/X11R6/bin/xterm -T 'Lazarus Run Output' -e $(LazarusDir)/tools/runwait.sh $(TargetCmdLine)"/>
      </local>
    </RunParams>
    <RequiredPackages Count="1">
      <Item1>
        <PackageName Value="LCL"/>
        <MinVersion Major="1" Valid="True"/>
      </Item1>
    </RequiredPackages>
    <Units Count="4">
      <Unit0>
        <Filename Value="agenti.lpr"/>
        <IsPartOfProject Value="True"/>
        <UnitName Value="agenti"/>
        <CursorPos X="40" Y="10"/>
        <TopLine Value="1"/>
        <UsageCount Value="21"/>
      </Unit0>
      <Unit1>
        <Filename Value="uagents.pas"/>
        <IsPartOfProject Value="True"/>
        <UnitName Value="uAgents"/>
        <CursorPos X="33" Y="45"/>
        <TopLine Value="94"/>
        <UsageCount Value="21"/>
      </Unit1>
      <Unit2>
        <Filename Value="..\..\..\Apple2\ProDisk\src\ProDisk.lpr"/>
        <UnitName Value="ProDisk"/>
        <CursorPos X="13" Y="24"/>
        <TopLine Value="1"/>
        <EditorIndex Value="0"/>
        <UsageCount Value="10"/>
        <Loaded Value="True"/>
      </Unit2>
      <Unit3>
        <Filename Value="..\..\..\Apple2\ProDisk\src\ProDos.pas"/>
        <IsPartOfProject Value="True"/>
        <UnitName Value="ProDos"/>
        <CursorPos X="37" Y="202"/>
        <TopLine Value="175"/>
        <EditorIndex Value="1"/>
        <UsageCount Value="20"/>
        <Loaded Value="True"/>
      </Unit3>
    </Units>
    <JumpHistory Count="4" HistoryIndex="3">
      <Position1>
        <Filename Value="..\..\..\Apple2\ProDisk\src\ProDos.pas"/>
        <Caret Line="8" Column="48" TopLine="1"/>
      </Position1>
      <Position2>
        <Filename Value="..\..\..\Apple2\ProDisk\src\ProDos.pas"/>
        <Caret Line="21" Column="1" TopLine="1"/>
      </Position2>
      <Position3>
        <Filename Value="..\..\..\Apple2\ProDisk\src\ProDos.pas"/>
        <Caret Line="200" Column="35" TopLine="174"/>
      </Position3>
      <Position4>
        <Filename Value="..\..\..\Apple2\ProDisk\src\ProDos.pas"/>
        <Caret Line="8" Column="18" TopLine="1"/>
      </Position4>
    </JumpHistory>
  </ProjectOptions>
  <CompilerOptions>
    <Version Value="8"/>
    <PathDelim Value="\"/>
    <SearchPaths>
      <OtherUnitFiles Value="G:\develop\shared\lazarus\Apple2\ProDisk\src\"/>
      <UnitOutputDirectory Value="..\bin"/>
    </SearchPaths>
    <Parsing>
      <SyntaxOptions>
        <CStyleOperator Value="False"/>
      </SyntaxOptions>
    </Parsing>
    <Other>
      <CompilerPath Value="$(CompPath)"/>
    </Other>
  </CompilerOptions>
  <Debugging>
    <Exceptions Count="2">
      <Item1>
        <Name Value="ECodetoolError"/>
      </Item1>
      <Item2>
        <Name Value="EFOpenError"/>
      </Item2>
    </Exceptions>
  </Debugging>
</CONFIG>
